
Microsoft Visual Studio Solution File, Format Version 12.00
# Visual Studio Version 17
VisualStudioVersion = 17.6.33829.357
MinimumVisualStudioVersion = 10.0.40219.1
Project("{FAE04EC0-301F-11D3-BF4B-00C04F79EFBC}") = "MereCatalog", "MereCatalog.csproj", "{691A2F2C-FCA8-4D96-8991-F16412AEC60D}"
EndProject
Global
	GlobalSection(SolutionConfigurationPlatforms) = preSolution
		Debug|Any CPU = Debug|Any CPU
		Release|Any CPU = Release|Any CPU
	EndGlobalSection
	GlobalSection(ProjectConfigurationPlatforms) = postSolution
		{691A2F2C-FCA8-4D96-8991-F16412AEC60D}.Debug|Any CPU.ActiveCfg = Debug|Any CPU
		{691A2F2C-FCA8-4D96-8991-F16412AEC60D}.Debug|Any CPU.Build.0 = Debug|Any CPU
		{691A2F2C-FCA8-4D96-8991-F16412AEC60D}.Release|Any CPU.ActiveCfg = Release|Any CPU
		{691A2F2C-FCA8-4D96-8991-F16412AEC60D}.Release|Any CPU.Build.0 = Release|Any CPU
	EndGlobalSection
	GlobalSection(SolutionProperties) = preSolution
		HideSolutionNode = FALSE
	EndGlobalSection
	GlobalSection(ExtensibilityGlobals) = postSolution
		SolutionGuid = {B1E7DA92-90F5-4FF9-93F1-0DEF5A99EF43}
	EndGlobalSection
EndGlobal
